{
  "lockfileVersion": 1,
  "workspaces": {
    "": {
      "name": "auggy",
      "dependencies": {
        "@inquirer/prompts": "^8.4.1",
        "@supabase/supabase-js": "^2.103.0",
        "commander": "^14.0.3",
        "yaml": "^2.8.3",
        "zod": "^4.3.6",
      },
      "devDependencies": {
        "@auggy/link": "^0.1.2",
        "@types/bun": "latest",
      },
      "peerDependencies": {
        "typescript": "^5",
      },
    },
    "packages/anthropic": {
      "name": "@auggy/anthropic",
      "version": "0.4.3",
      "dependencies": {
        "@anthropic-ai/sdk": "^0.94.0",
      },
    },
    "packages/evals": {
      "name": "@auggy/evals",
      "version": "0.4.3",
      "dependencies": {
        "yaml": "^2.8.3",
        "zod": "^4.3.6",
      },
    },
    "packages/ollama": {
      "name": "@auggy/ollama",
      "version": "0.4.3",
      "dependencies": {
        "ollama": "^0.6.0",
      },
    },
    "packages/openai": {
      "name": "@auggy/openai",
      "version": "0.4.3",
      "dependencies": {
        "openai": "^6.34.0",
      },
    },
    "packages/openrouter": {
      "name": "@auggy/openrouter",
      "version": "0.4.3",
      "dependencies": {
        "@auggy/openai": "^0.4.3",
        "openai": "^6.34.0",
      },
    },
  },
  "packages": {
    "@anthropic-ai/sdk": ["@anthropic-ai/sdk@0.94.0", "", { "dependencies": { "json-schema-to-ts": "^3.1.1" }, "peerDependencies": { "zod": "^3.25.0 || ^4.0.0" }, "optionalPeers": ["zod"], "bin": { "anthropic-ai-sdk": "bin/cli" } }, "sha512-OVlCttk5MyeTGtrWX5+F3MJOfEMDuEjK8+rm9aQMDfRPWndVMbhk37QG8WLnVbcc7huyUGngVMjT7iMN2llySA=="],

    "@auggy/anthropic": ["@auggy/anthropic@workspace:packages/anthropic"],

    "@auggy/evals": ["@auggy/evals@workspace:packages/evals"],

    "@auggy/link": ["@auggy/link@0.1.2", "", { "dependencies": { "hono": "^4.6.0", "zod": "^3.23.0" } }, "sha512-UTIP3fK8jsrJx/8GQPIUMcUbaemlhgFG91oY4HVDRRzK/8c+evPQ3FuSHETKMTP6Ju2jVyECU8VKL58LCYKmuw=="],

    "@auggy/ollama": ["@auggy/ollama@workspace:packages/ollama"],

    "@auggy/openai": ["@auggy/openai@workspace:packages/openai"],

    "@auggy/openrouter": ["@auggy/openrouter@workspace:packages/openrouter"],

    "@babel/runtime": ["@babel/runtime@7.29.2", "", {}, "sha512-JiDShH45zKHWyGe4ZNVRrCjBz8Nh9TMmZG1kh4QTK8hCBTWBi8Da+i7s1fJw7/lYpM4ccepSNfqzZ/QvABBi5g=="],

    "@inquirer/ansi": ["@inquirer/ansi@2.0.5", "", {}, "sha512-doc2sWgJpbFQ64UflSVd17ibMGDuxO1yKgOgLMwavzESnXjFWJqUeG8saYosqKpHp4kWiM5x1nXvEjbpx90gzw=="],

    "@inquirer/checkbox": ["@inquirer/checkbox@5.1.5", "", { "dependencies": { "@inquirer/ansi": "^2.0.5", "@inquirer/core": "^11.1.10", "@inquirer/figures": "^2.0.5", "@inquirer/type": "^4.0.5" }, "peerDependencies": { "@types/node": ">=18" }, "optionalPeers": ["@types/node"] }, "sha512-Jmf9tgBHIEK5SAOB7swYfStqmtkZb00xOTpSQmkoGEpdxOTpJi9RS0A8bkfDPHTTItZRJrRdZrEMu25wyj0VfQ=="],

    "@inquirer/confirm": ["@inquirer/confirm@6.0.13", "", { "dependencies": { "@inquirer/core": "^11.1.10", "@inquirer/type": "^4.0.5" }, "peerDependencies": { "@types/node": ">=18" }, "optionalPeers": ["@types/node"] }, "sha512-wkGPC7yJ5WJk1DJ5SX7fzk+gfj4BM8cf5dDDi71B/551xHrdsZVRJOC0WyikXd0pEsb/9cLniuE4atbsMqmFkw=="],

    "@inquirer/core": ["@inquirer/core@11.1.10", "", { "dependencies": { "@inquirer/ansi": "^2.0.5", "@inquirer/figures": "^2.0.5", "@inquirer/type": "^4.0.5", "cli-width": "^4.1.0", "fast-wrap-ansi": "^0.2.0", "mute-stream": "^3.0.0", "signal-exit": "^4.1.0" }, "peerDependencies": { "@types/node": ">=18" }, "optionalPeers": ["@types/node"] }, "sha512-a4Q5BXHQAHa9eO202sTaFCHFYVB3x5fauDuThEAdZ9gfn76pSxiKU7wWcEH0N1O0XmQvNfQNU6QXpiRxmYQx+A=="],

    "@inquirer/editor": ["@inquirer/editor@5.1.2", "", { "dependencies": { "@inquirer/core": "^11.1.10", "@inquirer/external-editor": "^3.0.0", "@inquirer/type": "^4.0.5" }, "peerDependencies": { "@types/node": ">=18" }, "optionalPeers": ["@types/node"] }, "sha512-Y3Nor7S/DhIPo+8Ym/dSY4efwKI4BsflKDwXh0jNeXJsSF3dteS/3Yf+z4wkibVZDvYMyCgknSTQlNahfunGHg=="],

    "@inquirer/expand": ["@inquirer/expand@5.0.14", "", { "dependencies": { "@inquirer/core": "^11.1.10", "@inquirer/type": "^4.0.5" }, "peerDependencies": { "@types/node": ">=18" }, "optionalPeers": ["@types/node"] }, "sha512-qyY9zcIX2eKYwaAUiQo9zORd61Lc3sXeM72fVbeHkYnDkqfr8/armcRbmVAIrExeJhI2puk+uomeKtWrpUVUmQ=="],

    "@inquirer/external-editor": ["@inquirer/external-editor@3.0.0", "", { "dependencies": { "chardet": "^2.1.1", "iconv-lite": "^0.7.2" }, "peerDependencies": { "@types/node": ">=18" }, "optionalPeers": ["@types/node"] }, "sha512-lDSwMgg+M5rq6JKBYaJwSX6T9e/HK2qqZ1oxmOwn4AQoJE5D+7TumsxLGC02PWS//rkIVqbZv3XA3ejsc9FYvg=="],

    "@inquirer/figures": ["@inquirer/figures@2.0.5", "", {}, "sha512-NsSs4kzfm12lNetHwAn3GEuH317IzpwrMCbOuMIVytpjnJ90YYHNwdRgYGuKmVxwuIqSgqk3M5qqQt1cDk0tGQ=="],

    "@inquirer/input": ["@inquirer/input@5.0.13", "", { "dependencies": { "@inquirer/core": "^11.1.10", "@inquirer/type": "^4.0.5" }, "peerDependencies": { "@types/node": ">=18" }, "optionalPeers": ["@types/node"] }, "sha512-0l0jCHlJnXIV8CTxwQC0C+5Ziq8WP22edWgmciW2xYvoeoSck4v5FvCS1ctKdqLLR0dUo93uAHgWHywgBSoRyw=="],

    "@inquirer/number": ["@inquirer/number@4.0.13", "", { "dependencies": { "@inquirer/core": "^11.1.10", "@inquirer/type": "^4.0.5" }, "peerDependencies": { "@types/node": ">=18" }, "optionalPeers": ["@types/node"] }, "sha512-WHmkYnnJAou5gx7RgcvAfUggnHNM1zWfoh0dFPl3dxVssuqt+dK5rIbaOYQXNyOegvFnopbKupjnhw2O8gANNg=="],

    "@inquirer/password": ["@inquirer/password@5.0.13", "", { "dependencies": { "@inquirer/ansi": "^2.0.5", "@inquirer/core": "^11.1.10", "@inquirer/type": "^4.0.5" }, "peerDependencies": { "@types/node": ">=18" }, "optionalPeers": ["@types/node"] }, "sha512-XDGu64ROHZjOOXLAANvJN7iIxWKhOSCG5VakrZ5kaScVR+snVJCFglD/hL3/677awtWcu4pXoWa280CDIYcBeg=="],

    "@inquirer/prompts": ["@inquirer/prompts@8.4.3", "", { "dependencies": { "@inquirer/checkbox": "^5.1.5", "@inquirer/confirm": "^6.0.13", "@inquirer/editor": "^5.1.2", "@inquirer/expand": "^5.0.14", "@inquirer/input": "^5.0.13", "@inquirer/number": "^4.0.13", "@inquirer/password": "^5.0.13", "@inquirer/rawlist": "^5.2.9", "@inquirer/search": "^4.1.9", "@inquirer/select": "^5.1.5" }, "peerDependencies": { "@types/node": ">=18" }, "optionalPeers": ["@types/node"] }, "sha512-ai5LseTw9HhegupIgmo4cn7RpnCGznjjXu4OI+7jMR8vu7T1ZCCNMzFFAovUCjL1fl0cceksIN1++yQE59SmZw=="],

    "@inquirer/rawlist": ["@inquirer/rawlist@5.2.9", "", { "dependencies": { "@inquirer/core": "^11.1.10", "@inquirer/type": "^4.0.5" }, "peerDependencies": { "@types/node": ">=18" }, "optionalPeers": ["@types/node"] }, "sha512-a1ErXEfgjfPYpyQ89dp+7n2IISjH9oQg3ygvF5adz8B7aHn4n2PjEgu1wpVTp69K3bj3lVLxP0qJ2b1clk1Whw=="],

    "@inquirer/search": ["@inquirer/search@4.1.9", "", { "dependencies": { "@inquirer/core": "^11.1.10", "@inquirer/figures": "^2.0.5", "@inquirer/type": "^4.0.5" }, "peerDependencies": { "@types/node": ">=18" }, "optionalPeers": ["@types/node"] }, "sha512-ZlbM28Q9lmLkFPNAIv+ZuY530n5Km8U1WW48oYEvDhe9yc2uL3m3t+JSdRUkQlk5fuIuskgiIVjcb7czFzQpuA=="],

    "@inquirer/select": ["@inquirer/select@5.1.5", "", { "dependencies": { "@inquirer/ansi": "^2.0.5", "@inquirer/core": "^11.1.10", "@inquirer/figures": "^2.0.5", "@inquirer/type": "^4.0.5" }, "peerDependencies": { "@types/node": ">=18" }, "optionalPeers": ["@types/node"] }, "sha512-6SRg6kHfK/sjLXOsuqNebuir+sjwrf/iWuRUnXgB2slzEewppI1WfzeS16XxDcOQmXBruMmmB9Cgrz7wsAxqMg=="],

    "@inquirer/type": ["@inquirer/type@4.0.5", "", { "peerDependencies": { "@types/node": ">=18" }, "optionalPeers": ["@types/node"] }, "sha512-aetVUNeKNc/VriqXlw1NRSW0zhMBB0W4bNbWRJgzRl/3d0QNDQFfk0GO5SDdtjMZVg6o8ZKEiadd7SCCzoOn5Q=="],

    "@supabase/auth-js": ["@supabase/auth-js@2.106.0", "", { "dependencies": { "tslib": "2.8.1" } }, "sha512-JY7602OvjK2l3BjsQkpePpxR+6P0iG37gCrZNWAMhAuNh1iFnhGRwj/y5EshUG0INMPGFrj0UA9MErQ/kOEKFg=="],

    "@supabase/functions-js": ["@supabase/functions-js@2.106.0", "", { "dependencies": { "tslib": "2.8.1" } }, "sha512-ADIkJYH5w7HbnGVAAlCbyKoLF5QdfyezBLfYXpUqhxZOacK6YepOvnP/8p4p+50bhTPWp6VhDxu19KO7e/qU2g=="],

    "@supabase/phoenix": ["@supabase/phoenix@0.4.2", "", {}, "sha512-YSAGnmDAfuleFCVt3CeurQZAhxRfXWeZIIkwp7NhYzQ1UwW6ePSnzsFAiUm/mbCkfoCf70QQHKW/K6RKh52a4A=="],

    "@supabase/postgrest-js": ["@supabase/postgrest-js@2.106.0", "", { "dependencies": { "tslib": "2.8.1" } }, "sha512-vNKFAXQrtmUn7J3LbN+uMlt0jciAwRIBpdy6Do4DKrpf1xj0kJhbqXTX4y8ziewWUEEx8G5GPnDmprXXaO9f3w=="],

    "@supabase/realtime-js": ["@supabase/realtime-js@2.106.0", "", { "dependencies": { "@supabase/phoenix": "^0.4.2", "tslib": "2.8.1" } }, "sha512-mYZoaYpkyjlecixbvxCu0h3jw12uHfEcUqNdaRATNI8zQVI5arels+VJzAGcHwNiD+/Juv0OXIuk+M7SHsdI4A=="],

    "@supabase/storage-js": ["@supabase/storage-js@2.106.0", "", { "dependencies": { "iceberg-js": "^0.8.1", "tslib": "2.8.1" } }, "sha512-BHc3nIjD3zfdDxBenphXrLJSoQ+qwo24VD96cVzmjBFbQVk5krvwRNUXrA5ozPplA3Vhlst2d/hy9R9ViqH2lg=="],

    "@supabase/supabase-js": ["@supabase/supabase-js@2.106.0", "", { "dependencies": { "@supabase/auth-js": "2.106.0", "@supabase/functions-js": "2.106.0", "@supabase/postgrest-js": "2.106.0", "@supabase/realtime-js": "2.106.0", "@supabase/storage-js": "2.106.0" } }, "sha512-OOoo3sLj9iVXNp6b+fkyOfFeQrvvNy7nQbaONNf72dOaictUeS39hFDS9argIRTag6M3ZxIypNWcrDAwLgUihQ=="],

    "@types/bun": ["@types/bun@1.3.14", "", { "dependencies": { "bun-types": "1.3.14" } }, "sha512-h1hFqFVcvAvD9j9K7ZW7vd82aSA+rTdznZa+5bwvCwqSB1jmmfLcbIWhOLx1/+boy/xmjgCs/OMUL8hRJSmnPw=="],

    "@types/node": ["@types/node@25.9.1", "", { "dependencies": { "undici-types": ">=7.24.0 <7.24.7" } }, "sha512-xfrlY7UD5rMJk3ZVJP8BNzS28J36YJg+xp+LPXV1TdWxr8uMH5A860QNxYDGQe/ylDSgjxE52Q9VnO7p75tJxg=="],

    "bun-types": ["bun-types@1.3.14", "", { "dependencies": { "@types/node": "*" } }, "sha512-4N0ig0fEomHt5R0KCFWjovxow98rIoRwKolrYdCcknNwMekCXRnWEUvgu5soYV8QXtVsrUD8B95MBOZGPvr6KQ=="],

    "chardet": ["chardet@2.1.1", "", {}, "sha512-PsezH1rqdV9VvyNhxxOW32/d75r01NY7TQCmOqomRo15ZSOKbpTFVsfjghxo6JloQUCGnH4k1LGu0R4yCLlWQQ=="],

    "cli-width": ["cli-width@4.1.0", "", {}, "sha512-ouuZd4/dm2Sw5Gmqy6bGyNNNe1qt9RpmxveLSO7KcgsTnU7RXfsw+/bukWGo1abgBiMAic068rclZsO4IWmmxQ=="],

    "commander": ["commander@14.0.3", "", {}, "sha512-H+y0Jo/T1RZ9qPP4Eh1pkcQcLRglraJaSLoyOtHxu6AapkjWVCy2Sit1QQ4x3Dng8qDlSsZEet7g5Pq06MvTgw=="],

    "fast-string-truncated-width": ["fast-string-truncated-width@3.0.3", "", {}, "sha512-0jjjIEL6+0jag3l2XWWizO64/aZVtpiGE3t0Zgqxv0DPuxiMjvB3M24fCyhZUO4KomJQPj3LTSUnDP3GpdwC0g=="],

    "fast-string-width": ["fast-string-width@3.0.2", "", { "dependencies": { "fast-string-truncated-width": "^3.0.2" } }, "sha512-gX8LrtNEI5hq8DVUfRQMbr5lpaS4nMIWV+7XEbXk2b8kiQIizgnlr12B4dA3ZEx3308ze0O4Q1R+cHts8kyUJg=="],

    "fast-wrap-ansi": ["fast-wrap-ansi@0.2.2", "", { "dependencies": { "fast-string-width": "^3.0.2" } }, "sha512-7F2Fl+TjRSenLqlU3UjSH0iyqopqoZIu7eZVpEirP2g1GtWa2G/ecEmBdgz31+Mxr+ELclgg6sokpSFIQiZ02Q=="],

    "hono": ["hono@4.12.21", "", {}, "sha512-uV63apnb0kyPtAUwoWgaGh9HyIFcv8lgmzPZSiTBQAFOFGIzka5EZ1dZocmGnn0XdX0+XTqJ6Tqv7selMuGLRQ=="],

    "iceberg-js": ["iceberg-js@0.8.1", "", {}, "sha512-1dhVQZXhcHje7798IVM+xoo/1ZdVfzOMIc8/rgVSijRK38EDqOJoGula9N/8ZI5RD8QTxNQtK/Gozpr+qUqRRA=="],

    "iconv-lite": ["iconv-lite@0.7.2", "", { "dependencies": { "safer-buffer": ">= 2.1.2 < 3.0.0" } }, "sha512-im9DjEDQ55s9fL4EYzOAv0yMqmMBSZp6G0VvFyTMPKWxiSBHUj9NW/qqLmXUwXrrM7AvqSlTCfvqRb0cM8yYqw=="],

    "json-schema-to-ts": ["json-schema-to-ts@3.1.1", "", { "dependencies": { "@babel/runtime": "^7.18.3", "ts-algebra": "^2.0.0" } }, "sha512-+DWg8jCJG2TEnpy7kOm/7/AxaYoaRbjVB4LFZLySZlWn8exGs3A4OLJR966cVvU26N7X9TWxl+Jsw7dzAqKT6g=="],

    "mute-stream": ["mute-stream@3.0.0", "", {}, "sha512-dkEJPVvun4FryqBmZ5KhDo0K9iDXAwn08tMLDinNdRBNPcYEDiWYysLcc6k3mjTMlbP9KyylvRpd4wFtwrT9rw=="],

    "ollama": ["ollama@0.6.3", "", { "dependencies": { "whatwg-fetch": "^3.6.20" } }, "sha512-KEWEhIqE5wtfzEIZbDCLH51VFZ6Z3ZSa6sIOg/E/tBV8S51flyqBOXi+bRxlOYKDf8i327zG9eSTb8IJxvm3Zg=="],

    "openai": ["openai@6.38.0", "", { "peerDependencies": { "ws": "^8.18.0", "zod": "^3.25 || ^4.0" }, "optionalPeers": ["ws", "zod"], "bin": { "openai": "bin/cli" } }, "sha512-AoMplt2UalrpgUDMh3L09QWjNRlgJPipclQvA6sYAaeF6nHNBMgmikAZGmcYLn8on4d9sQY9Q8bOLfrBS7Lc8g=="],

    "safer-buffer": ["safer-buffer@2.1.2", "", {}, "sha512-YZo3K82SD7Riyi0E1EQPojLz7kpepnSQI9IyPbHHg1XXXevb5dJI7tpyN2ADxGcQbHG7vcyRHk0cbwqcQriUtg=="],

    "signal-exit": ["signal-exit@4.1.0", "", {}, "sha512-bzyZ1e88w9O1iNJbKnOlvYTrWPDl46O1bG0D3XInv+9tkPrxrN8jUUTiFlDkkmKWgn1M6CfIA13SuGqOa9Korw=="],

    "ts-algebra": ["ts-algebra@2.0.0", "", {}, "sha512-FPAhNPFMrkwz76P7cdjdmiShwMynZYN6SgOujD1urY4oNm80Ou9oMdmbR45LotcKOXoy7wSmHkRFE6Mxbrhefw=="],

    "tslib": ["tslib@2.8.1", "", {}, "sha512-oJFu94HQb+KVduSUQL7wnpmqnfmLsOA/nAh6b6EH0wCEoK0/mPeXU6c3wKDV83MkOuHPRHtSXKKU99IBazS/2w=="],

    "typescript": ["typescript@5.9.3", "", { "bin": { "tsc": "bin/tsc", "tsserver": "bin/tsserver" } }, "sha512-jl1vZzPDinLr9eUt3J/t7V6FgNEw9QjvBPdysz9KfQDD41fQrC2Y4vKQdiaUpFT4bXlb1RHhLpp8wtm6M5TgSw=="],

    "undici-types": ["undici-types@7.24.6", "", {}, "sha512-WRNW+sJgj5OBN4/0JpHFqtqzhpbnV0GuB+OozA9gCL7a993SmU+1JBZCzLNxYsbMfIeDL+lTsphD5jN5N+n0zg=="],

    "whatwg-fetch": ["whatwg-fetch@3.6.20", "", {}, "sha512-EqhiFU6daOA8kpjOWTL0olhVOF3i7OrFzSYiGsEMB8GcXS+RrzauAERX65xMeNWVqxA6HXH2m69Z9LaKKdisfg=="],

    "yaml": ["yaml@2.9.0", "", { "bin": { "yaml": "bin.mjs" } }, "sha512-2AvhNX3mb8zd6Zy7INTtSpl1F15HW6Wnqj0srWlkKLcpYl/gMIMJiyuGq2KeI2YFxUPjdlB+3Lc10seMLtL4cA=="],

    "zod": ["zod@4.4.3", "", {}, "sha512-ytENFjIJFl2UwYglde2jchW2Hwm4GJFLDiSXWdTrJQBIN9Fcyp7n4DhxJEiWNAJMV1/BqWfW/kkg71UDcHJyTQ=="],

    "@auggy/link/zod": ["zod@3.25.76", "", {}, "sha512-gzUt/qt81nXsFGKIFcC3YnfEAx5NkunCfnDlvuBSSFS02bcXu4Lmea0AFIUwbLWxWPx3d9p8S5QoaujKcNQxcQ=="],
  }
}
