{
  "lockfileVersion": 1,
  "workspaces": {
    "": {
      "name": "auggy",
      "dependencies": {
        "@inquirer/prompts": "^8.4.1",
        "@supabase/supabase-js": "^2.103.0",
        "commander": "^14.0.3",
        "yaml": "^2.8.3",
        "zod": "^4.3.6",
      },
      "devDependencies": {
        "@auggy/link": "^0.1.2",
        "@types/bun": "latest",
      },
      "peerDependencies": {
        "typescript": "^5",
      },
    },
    "packages/anthropic": {
      "name": "@auggy/anthropic",
      "version": "0.4.2",
      "dependencies": {
        "@anthropic-ai/sdk": "^0.94.0",
      },
    },
    "packages/evals": {
      "name": "@auggy/evals",
      "version": "0.4.2",
      "dependencies": {
        "yaml": "^2.8.3",
        "zod": "^4.3.6",
      },
    },
    "packages/ollama": {
      "name": "@auggy/ollama",
      "version": "0.4.2",
      "dependencies": {
        "ollama": "^0.6.0",
      },
    },
    "packages/openai": {
      "name": "@auggy/openai",
      "version": "0.4.2",
      "dependencies": {
        "openai": "^6.34.0",
      },
    },
    "packages/openrouter": {
      "name": "@auggy/openrouter",
      "version": "0.4.2",
      "dependencies": {
        "@auggy/openai": "^0.4.2",
        "openai": "^6.34.0",
      },
    },
  },
  "packages": {
    "@anthropic-ai/sdk": ["@anthropic-ai/sdk@0.94.0", "", { "dependencies": { "json-schema-to-ts": "^3.1.1" }, "peerDependencies": { "zod": "^3.25.0 || ^4.0.0" }, "bin": { "anthropic-ai-sdk": "bin/cli" } }, ""],

    "@auggy/anthropic": ["@auggy/anthropic@workspace:packages/anthropic"],

    "@auggy/evals": ["@auggy/evals@workspace:packages/evals"],

    "@auggy/link": ["@auggy/link@0.1.2", "", { "dependencies": { "hono": "^4.6.0", "zod": "^3.23.0" } }, ""],

    "@auggy/ollama": ["@auggy/ollama@workspace:packages/ollama"],

    "@auggy/openai": ["@auggy/openai@workspace:packages/openai"],

    "@auggy/openrouter": ["@auggy/openrouter@workspace:packages/openrouter"],

    "@babel/runtime": ["@babel/runtime@7.29.2", "", {}, ""],

    "@inquirer/ansi": ["@inquirer/ansi@2.0.5", "", {}, ""],

    "@inquirer/checkbox": ["@inquirer/checkbox@5.1.5", "", { "dependencies": { "@inquirer/ansi": "^2.0.5", "@inquirer/core": "^11.1.10", "@inquirer/figures": "^2.0.5", "@inquirer/type": "^4.0.5" }, "peerDependencies": { "@types/node": ">=18" } }, ""],

    "@inquirer/confirm": ["@inquirer/confirm@6.0.13", "", { "dependencies": { "@inquirer/core": "^11.1.10", "@inquirer/type": "^4.0.5" }, "peerDependencies": { "@types/node": ">=18" } }, ""],

    "@inquirer/core": ["@inquirer/core@11.1.10", "", { "dependencies": { "@inquirer/ansi": "^2.0.5", "@inquirer/figures": "^2.0.5", "@inquirer/type": "^4.0.5", "cli-width": "^4.1.0", "fast-wrap-ansi": "^0.2.0", "mute-stream": "^3.0.0", "signal-exit": "^4.1.0" }, "peerDependencies": { "@types/node": ">=18" } }, ""],

    "@inquirer/editor": ["@inquirer/editor@5.1.2", "", { "dependencies": { "@inquirer/core": "^11.1.10", "@inquirer/external-editor": "^3.0.0", "@inquirer/type": "^4.0.5" }, "peerDependencies": { "@types/node": ">=18" } }, ""],

    "@inquirer/expand": ["@inquirer/expand@5.0.14", "", { "dependencies": { "@inquirer/core": "^11.1.10", "@inquirer/type": "^4.0.5" }, "peerDependencies": { "@types/node": ">=18" } }, ""],

    "@inquirer/external-editor": ["@inquirer/external-editor@3.0.0", "", { "dependencies": { "chardet": "^2.1.1", "iconv-lite": "^0.7.2" }, "peerDependencies": { "@types/node": ">=18" } }, ""],

    "@inquirer/figures": ["@inquirer/figures@2.0.5", "", {}, ""],

    "@inquirer/input": ["@inquirer/input@5.0.13", "", { "dependencies": { "@inquirer/core": "^11.1.10", "@inquirer/type": "^4.0.5" }, "peerDependencies": { "@types/node": ">=18" } }, ""],

    "@inquirer/number": ["@inquirer/number@4.0.13", "", { "dependencies": { "@inquirer/core": "^11.1.10", "@inquirer/type": "^4.0.5" }, "peerDependencies": { "@types/node": ">=18" } }, ""],

    "@inquirer/password": ["@inquirer/password@5.0.13", "", { "dependencies": { "@inquirer/ansi": "^2.0.5", "@inquirer/core": "^11.1.10", "@inquirer/type": "^4.0.5" }, "peerDependencies": { "@types/node": ">=18" } }, ""],

    "@inquirer/prompts": ["@inquirer/prompts@8.4.3", "", { "dependencies": { "@inquirer/checkbox": "^5.1.5", "@inquirer/confirm": "^6.0.13", "@inquirer/editor": "^5.1.2", "@inquirer/expand": "^5.0.14", "@inquirer/input": "^5.0.13", "@inquirer/number": "^4.0.13", "@inquirer/password": "^5.0.13", "@inquirer/rawlist": "^5.2.9", "@inquirer/search": "^4.1.9", "@inquirer/select": "^5.1.5" }, "peerDependencies": { "@types/node": ">=18" } }, ""],

    "@inquirer/rawlist": ["@inquirer/rawlist@5.2.9", "", { "dependencies": { "@inquirer/core": "^11.1.10", "@inquirer/type": "^4.0.5" }, "peerDependencies": { "@types/node": ">=18" } }, ""],

    "@inquirer/search": ["@inquirer/search@4.1.9", "", { "dependencies": { "@inquirer/core": "^11.1.10", "@inquirer/figures": "^2.0.5", "@inquirer/type": "^4.0.5" }, "peerDependencies": { "@types/node": ">=18" } }, ""],

    "@inquirer/select": ["@inquirer/select@5.1.5", "", { "dependencies": { "@inquirer/ansi": "^2.0.5", "@inquirer/core": "^11.1.10", "@inquirer/figures": "^2.0.5", "@inquirer/type": "^4.0.5" }, "peerDependencies": { "@types/node": ">=18" } }, ""],

    "@inquirer/type": ["@inquirer/type@4.0.5", "", { "peerDependencies": { "@types/node": ">=18" } }, ""],

    "@supabase/auth-js": ["@supabase/auth-js@2.106.0", "", { "dependencies": { "tslib": "2.8.1" } }, ""],

    "@supabase/functions-js": ["@supabase/functions-js@2.106.0", "", { "dependencies": { "tslib": "2.8.1" } }, ""],

    "@supabase/phoenix": ["@supabase/phoenix@0.4.2", "", {}, ""],

    "@supabase/postgrest-js": ["@supabase/postgrest-js@2.106.0", "", { "dependencies": { "tslib": "2.8.1" } }, ""],

    "@supabase/realtime-js": ["@supabase/realtime-js@2.106.0", "", { "dependencies": { "@supabase/phoenix": "^0.4.2", "tslib": "2.8.1" } }, ""],

    "@supabase/storage-js": ["@supabase/storage-js@2.106.0", "", { "dependencies": { "iceberg-js": "^0.8.1", "tslib": "2.8.1" } }, ""],

    "@supabase/supabase-js": ["@supabase/supabase-js@2.106.0", "", { "dependencies": { "@supabase/auth-js": "2.106.0", "@supabase/functions-js": "2.106.0", "@supabase/postgrest-js": "2.106.0", "@supabase/realtime-js": "2.106.0", "@supabase/storage-js": "2.106.0" } }, ""],

    "@types/bun": ["@types/bun@1.3.14", "", { "dependencies": { "bun-types": "1.3.14" } }, "sha512-h1hFqFVcvAvD9j9K7ZW7vd82aSA+rTdznZa+5bwvCwqSB1jmmfLcbIWhOLx1/+boy/xmjgCs/OMUL8hRJSmnPw=="],

    "@types/node": ["@types/node@25.9.1", "", { "dependencies": { "undici-types": ">=7.24.0 <7.24.7" } }, ""],

    "bun-types": ["bun-types@1.3.14", "", { "dependencies": { "@types/node": "*" } }, ""],

    "chardet": ["chardet@2.1.1", "", {}, ""],

    "cli-width": ["cli-width@4.1.0", "", {}, ""],

    "commander": ["commander@14.0.3", "", {}, ""],

    "fast-string-truncated-width": ["fast-string-truncated-width@3.0.3", "", {}, ""],

    "fast-string-width": ["fast-string-width@3.0.2", "", { "dependencies": { "fast-string-truncated-width": "^3.0.2" } }, ""],

    "fast-wrap-ansi": ["fast-wrap-ansi@0.2.2", "", { "dependencies": { "fast-string-width": "^3.0.2" } }, ""],

    "hono": ["hono@4.12.21", "", {}, ""],

    "iceberg-js": ["iceberg-js@0.8.1", "", {}, ""],

    "iconv-lite": ["iconv-lite@0.7.2", "", { "dependencies": { "safer-buffer": ">= 2.1.2 < 3.0.0" } }, ""],

    "json-schema-to-ts": ["json-schema-to-ts@3.1.1", "", { "dependencies": { "@babel/runtime": "^7.18.3", "ts-algebra": "^2.0.0" } }, ""],

    "mute-stream": ["mute-stream@3.0.0", "", {}, ""],

    "ollama": ["ollama@0.6.3", "", { "dependencies": { "whatwg-fetch": "^3.6.20" } }, ""],

    "openai": ["openai@6.38.0", "", { "peerDependencies": { "ws": "^8.18.0", "zod": "^3.25 || ^4.0" }, "optionalPeers": ["ws"], "bin": "bin/cli" }, ""],

    "safer-buffer": ["safer-buffer@2.1.2", "", {}, ""],

    "signal-exit": ["signal-exit@4.1.0", "", {}, ""],

    "ts-algebra": ["ts-algebra@2.0.0", "", {}, ""],

    "tslib": ["tslib@2.8.1", "", {}, ""],

    "typescript": ["typescript@5.9.3", "", { "bin": { "tsc": "bin/tsc", "tsserver": "bin/tsserver" } }, ""],

    "undici-types": ["undici-types@7.24.6", "", {}, ""],

    "whatwg-fetch": ["whatwg-fetch@3.6.20", "", {}, ""],

    "yaml": ["yaml@2.9.0", "", { "bin": "bin.mjs" }, ""],

    "zod": ["zod@4.4.3", "", {}, ""],

    "@auggy/link/zod": ["zod@3.25.76", "", {}, ""],
  }
}
